
Microsoft Visual Studio Solution File, Format Version 12.00
# Visual Studio Version 17
VisualStudioVersion = 17.0.31903.59
MinimumVisualStudioVersion = 10.0.40219.1
Project("{FAE04EC0-301F-11D3-BF4B-00C04F79EFBC}") = "ShopsRCUS.Discount.API", "ShopsRCUS.Discount.API.csproj", "{C9D1FAE0-2115-40EE-8D00-4C9F89E924D2}"
EndProject
Project("{FAE04EC0-301F-11D3-BF4B-00C04F79EFBC}") = "ShopsRCUS.Discount.API.Test", "..\ShopsRCUS.Discount.API.Test\ShopsRCUS.Discount.API.Test.csproj", "{CBCC9866-A5A8-4C22-9817-B3B904FE6CFF}"
EndProject
Global
	GlobalSection(SolutionConfigurationPlatforms) = preSolution
		Debug|Any CPU = Debug|Any CPU
		Release|Any CPU = Release|Any CPU
	EndGlobalSection
	GlobalSection(ProjectConfigurationPlatforms) = postSolution
		{C9D1FAE0-2115-40EE-8D00-4C9F89E924D2}.Debug|Any CPU.ActiveCfg = Debug|Any CPU
		{C9D1FAE0-2115-40EE-8D00-4C9F89E924D2}.Debug|Any CPU.Build.0 = Debug|Any CPU
		{C9D1FAE0-2115-40EE-8D00-4C9F89E924D2}.Release|Any CPU.ActiveCfg = Release|Any CPU
		{C9D1FAE0-2115-40EE-8D00-4C9F89E924D2}.Release|Any CPU.Build.0 = Release|Any CPU
		{CBCC9866-A5A8-4C22-9817-B3B904FE6CFF}.Debug|Any CPU.ActiveCfg = Debug|Any CPU
		{CBCC9866-A5A8-4C22-9817-B3B904FE6CFF}.Debug|Any CPU.Build.0 = Debug|Any CPU
		{CBCC9866-A5A8-4C22-9817-B3B904FE6CFF}.Release|Any CPU.ActiveCfg = Release|Any CPU
		{CBCC9866-A5A8-4C22-9817-B3B904FE6CFF}.Release|Any CPU.Build.0 = Release|Any CPU
	EndGlobalSection
	GlobalSection(SolutionProperties) = preSolution
		HideSolutionNode = FALSE
	EndGlobalSection
	GlobalSection(ExtensibilityGlobals) = postSolution
		SolutionGuid = {CDB89813-215F-4606-8FC0-E78CAFC0D45D}
	EndGlobalSection
EndGlobal
